<?xml version="1.0" encoding="utf-8"?>
<Project ToolsVersion="4.0" xmlns="http://schemas.microsoft.com/developer/msbuild/2003">
  <ItemGroup>
    <Filter Include="Source Files">
      <UniqueIdentifier>{4FC737F1-C7A5-4376-A066-2A32D752A2FF}</UniqueIdentifier>
      <Extensions>cpp;c;cc;cxx;def;odl;idl;hpj;bat;asm;asmx</Extensions>
    </Filter>
    <Filter Include="Header Files">
      <UniqueIdentifier>{93995380-89BD-4b04-88EB-625FBE52EBFB}</UniqueIdentifier>
      <Extensions>h;hh;hpp;hxx;hm;inl;inc;xsd</Extensions>
    </Filter>
    <Filter Include="Resource Files">
      <UniqueIdentifier>{67DA6AB6-F800-4c08-8B7A-83BB121AAD01}</UniqueIdentifier>
      <Extensions>rc;ico;cur;bmp;dlg;rc2;rct;bin;rgs;gif;jpg;jpeg;jpe;resx;tiff;tif;png;wav;mfcribbon-ms</Extensions>
    </Filter>
  </ItemGroup>
  <ItemGroup>
    <None Include="ueye.cpp.nuspec" />
    <None Include="ueye.cpp.targets" />
    <None Include="packages.config" />
    <None Include="update_nuspec.ps1" />
  </ItemGroup>
  <ItemGroup>
    <ClInclude Include="include\auto_exposure.hpp">
      <Filter>Header Files</Filter>
    </ClInclude>
    <ClInclude Include="include\camera.hpp">
      <Filter>Header Files</Filter>
    </ClInclude>
    <ClInclude Include="include\camera_event.hpp">
      <Filter>Header Files</Filter>
    </ClInclude>
    <ClInclude Include="include\camera_factory.hpp">
      <Filter>Header Files</Filter>
    </ClInclude>
    <ClInclude Include="include\capture.hpp">
      <Filter>Header Files</Filter>
    </ClInclude>
    <ClInclude Include="include\capture_status.hpp">
      <Filter>Header Files</Filter>
    </ClInclude>
    <ClInclude Include="include\error.hpp">
      <Filter>Header Files</Filter>
    </ClInclude>
    <ClInclude Include="include\exposure.hpp">
      <Filter>Header Files</Filter>
    </ClInclude>
    <ClInclude Include="include\flash.hpp">
      <Filter>Header Files</Filter>
    </ClInclude>
    <ClInclude Include="include\frame_buffer.hpp">
      <Filter>Header Files</Filter>
    </ClInclude>
    <ClInclude Include="include\frame_buffer_info.hpp">
      <Filter>Header Files</Filter>
    </ClInclude>
    <ClInclude Include="include\frame_buffer_sequence.hpp">
      <Filter>Header Files</Filter>
    </ClInclude>
    <ClInclude Include="include\framerate.hpp">
      <Filter>Header Files</Filter>
    </ClInclude>
    <ClInclude Include="include\gpio.hpp">
      <Filter>Header Files</Filter>
    </ClInclude>
    <ClInclude Include="include\image_captured_observable.hpp">
      <Filter>Header Files</Filter>
    </ClInclude>
    <ClInclude Include="include\image_info.hpp">
      <Filter>Header Files</Filter>
    </ClInclude>
    <ClInclude Include="include\locked_frame_buffer.hpp">
      <Filter>Header Files</Filter>
    </ClInclude>
    <ClInclude Include="include\pixel_clock.hpp">
      <Filter>Header Files</Filter>
    </ClInclude>
    <ClInclude Include="include\standby.hpp">
      <Filter>Header Files</Filter>
    </ClInclude>
    <ClInclude Include="include\trigger.hpp">
      <Filter>Header Files</Filter>
    </ClInclude>
    <ClInclude Include="include\experimental\image_captured_observable.hpp">
      <Filter>Header Files</Filter>
    </ClInclude>
    <ClInclude Include="include\roi.hpp">
      <Filter>Header Files</Filter>
    </ClInclude>
    <ClInclude Include="include\experimental\debug.hpp">
      <Filter>Header Files</Filter>
    </ClInclude>
    <ClInclude Include="include\experimental\io.hpp">
      <Filter>Header Files</Filter>
    </ClInclude>
    <ClInclude Include="include\color_format.hpp">
      <Filter>Header Files</Filter>
    </ClInclude>
    <ClInclude Include="include\experimental\camera_property.hpp">
      <Filter>Header Files</Filter>
    </ClInclude>
    <ClInclude Include="include\experimental\auto_parameter.hpp">
      <Filter>Header Files</Filter>
    </ClInclude>
  </ItemGroup>
</Project>